# This file is automatically @generated by Cargo.
# It is not intended for manual editing.
[[package]]
name = "gitignore"
version = "1.0.6"
source = "registry+https://github.com/rust-lang/crates.io-index"
checksum = "f5beed3b526478bebc1dd164b7aa770ae709f918a7b978fcb4afdaf3bbee8dfd"
dependencies = [
 "glob",
]

[[package]]
name = "glob"
version = "0.2.11"
source = "registry+https://github.com/rust-lang/crates.io-index"
checksum = "8be18de09a56b60ed0edf84bc9df007e30040691af7acd1c41874faac5895bfb"

[[package]]
name = "gtree"
version = "0.1.0"
dependencies = [
 "gitignore",
]
